
Microsoft Visual Studio Solution File, Format Version 12.00
# Visual Studio Version 17
VisualStudioVersion = 17.4.33122.133
MinimumVisualStudioVersion = 10.0.40219.1
Project("{FAE04EC0-301F-11D3-BF4B-00C04F79EFBC}") = "HealthMonitor", "HealthMonitor\HealthMonitor.csproj", "{61868129-D308-4B1A-8877-A6BB2F98C82A}"
EndProject
Global
	GlobalSection(SolutionConfigurationPlatforms) = preSolution
		Debug|Any CPU = Debug|Any CPU
		Release|Any CPU = Release|Any CPU
	EndGlobalSection
	GlobalSection(ProjectConfigurationPlatforms) = postSolution
		{61868129-D308-4B1A-8877-A6BB2F98C82A}.Debug|Any CPU.ActiveCfg = Debug|Any CPU
		{61868129-D308-4B1A-8877-A6BB2F98C82A}.Debug|Any CPU.Build.0 = Debug|Any CPU
		{61868129-D308-4B1A-8877-A6BB2F98C82A}.Release|Any CPU.ActiveCfg = Release|Any CPU
		{61868129-D308-4B1A-8877-A6BB2F98C82A}.Release|Any CPU.Build.0 = Release|Any CPU
	EndGlobalSection
	GlobalSection(SolutionProperties) = preSolution
		HideSolutionNode = FALSE
	EndGlobalSection
	GlobalSection(ExtensibilityGlobals) = postSolution
		SolutionGuid = {74A9FA36-707C-412F-BC1E-2C58CC1838EE}
	EndGlobalSection
EndGlobal
